
Microsoft Visual Studio Solution File, Format Version 12.00
# Visual Studio Version 17
VisualStudioVersion = 17.7.34031.279
MinimumVisualStudioVersion = 10.0.40219.1
Project("{FAE04EC0-301F-11D3-BF4B-00C04F79EFBC}") = "First Git", "First Git\First Git.csproj", "{C5C07F9C-1925-4679-892F-9821F5C848D8}"
EndProject
Global
	GlobalSection(SolutionConfigurationPlatforms) = preSolution
		Debug|Any CPU = Debug|Any CPU
		Release|Any CPU = Release|Any CPU
	EndGlobalSection
	GlobalSection(ProjectConfigurationPlatforms) = postSolution
		{C5C07F9C-1925-4679-892F-9821F5C848D8}.Debug|Any CPU.ActiveCfg = Debug|Any CPU
		{C5C07F9C-1925-4679-892F-9821F5C848D8}.Debug|Any CPU.Build.0 = Debug|Any CPU
		{C5C07F9C-1925-4679-892F-9821F5C848D8}.Release|Any CPU.ActiveCfg = Release|Any CPU
		{C5C07F9C-1925-4679-892F-9821F5C848D8}.Release|Any CPU.Build.0 = Release|Any CPU
	EndGlobalSection
	GlobalSection(SolutionProperties) = preSolution
		HideSolutionNode = FALSE
	EndGlobalSection
	GlobalSection(ExtensibilityGlobals) = postSolution
		SolutionGuid = {7C406F5F-C8CD-4B4B-996C-135214A6EF11}
	EndGlobalSection
EndGlobal
